
Microsoft Visual Studio Solution File, Format Version 12.00
# Visual Studio 14
VisualStudioVersion = 14.0.25420.1
MinimumVisualStudioVersion = 10.0.40219.1
Project("{FAE04EC0-301F-11D3-BF4B-00C04F79EFBC}") = "XamarinForms_Phoneword.Droid", "XamarinForms_Phoneword\XamarinForms_Phoneword.Droid\XamarinForms_Phoneword.Droid.csproj", "{F5A0E826-0D83-45DA-84F6-011CCB64DD8D}"
EndProject
Project("{FAE04EC0-301F-11D3-BF4B-00C04F79EFBC}") = "XamarinForms_Phoneword.iOS", "XamarinForms_Phoneword\XamarinForms_Phoneword.iOS\XamarinForms_Phoneword.iOS.csproj", "{64E5017E-582C-44CB-9A73-0CE6CB359EA1}"
EndProject
Project("{FAE04EC0-301F-11D3-BF4B-00C04F79EFBC}") = "XamarinForms_Phoneword.UWP", "XamarinForms_Phoneword\XamarinForms_Phoneword.UWP\XamarinForms_Phoneword.UWP.csproj", "{C24CE958-CD59-4A9D-9E85-1BA5CD161072}"
EndProject
Project("{FAE04EC0-301F-11D3-BF4B-00C04F79EFBC}") = "XamarinForms_Phoneword", "XamarinForms_Phoneword\XamarinForms_Phoneword\XamarinForms_Phoneword.csproj", "{53EB886B-7EF5-4525-B3C0-BDD877AB981A}"
EndProject
Global
	GlobalSection(SolutionConfigurationPlatforms) = preSolution
		Ad-Hoc|Any CPU = Ad-Hoc|Any CPU
		Ad-Hoc|ARM = Ad-Hoc|ARM
		Ad-Hoc|iPhone = Ad-Hoc|iPhone
		Ad-Hoc|iPhoneSimulator = Ad-Hoc|iPhoneSimulator
		Ad-Hoc|x64 = Ad-Hoc|x64
		Ad-Hoc|x86 = Ad-Hoc|x86
		AppStore|Any CPU = AppStore|Any CPU
		AppStore|ARM = AppStore|ARM
		AppStore|iPhone = AppStore|iPhone
		AppStore|iPhoneSimulator = AppStore|iPhoneSimulator
		AppStore|x64 = AppStore|x64
		AppStore|x86 = AppStore|x86
		Debug|Any CPU = Debug|Any CPU
		Debug|ARM = Debug|ARM
		Debug|iPhone = Debug|iPhone
		Debug|iPhoneSimulator = Debug|iPhoneSimulator
		Debug|x64 = Debug|x64
		Debug|x86 = Debug|x86
		Release|Any CPU = Release|Any CPU
		Release|ARM = Release|ARM
		Release|iPhone = Release|iPhone
		Release|iPhoneSimulator = Release|iPhoneSimulator
		Release|x64 = Release|x64
		Release|x86 = Release|x86
	EndGlobalSection
	GlobalSection(ProjectConfigurationPlatforms) = postSolution
		{F5A0E826-0D83-45DA-84F6-011CCB64DD8D}.Ad-Hoc|Any CPU.ActiveCfg = Release|Any CPU
		{F5A0E826-0D83-45DA-84F6-011CCB64DD8D}.Ad-Hoc|Any CPU.Build.0 = Release|Any CPU
		{F5A0E826-0D83-45DA-84F6-011CCB64DD8D}.Ad-Hoc|Any CPU.Deploy.0 = Release|Any CPU
		{F5A0E826-0D83-45DA-84F6-011CCB64DD8D}.Ad-Hoc|ARM.ActiveCfg = Release|Any CPU
		{F5A0E826-0D83-45DA-84F6-011CCB64DD8D}.Ad-Hoc|ARM.Build.0 = Release|Any CPU
		{F5A0E826-0D83-45DA-84F6-011CCB64DD8D}.Ad-Hoc|ARM.Deploy.0 = Release|Any CPU
		{F5A0E826-0D83-45DA-84F6-011CCB64DD8D}.Ad-Hoc|iPhone.ActiveCfg = Release|Any CPU
		{F5A0E826-0D83-45DA-84F6-011CCB64DD8D}.Ad-Hoc|iPhone.Build.0 = Release|Any CPU
		{F5A0E826-0D83-45DA-84F6-011CCB64DD8D}.Ad-Hoc|iPhone.Deploy.0 = Release|Any CPU
		{F5A0E826-0D83-45DA-84F6-011CCB64DD8D}.Ad-Hoc|iPhoneSimulator.ActiveCfg = Release|Any CPU
		{F5A0E826-0D83-45DA-84F6-011CCB64DD8D}.Ad-Hoc|iPhoneSimulator.Build.0 = Release|Any CPU
		{F5A0E826-0D83-45DA-84F6-011CCB64DD8D}.Ad-Hoc|iPhoneSimulator.Deploy.0 = Release|Any CPU
		{F5A0E826-0D83-45DA-84F6-011CCB64DD8D}.Ad-Hoc|x64.ActiveCfg = Release|Any CPU
		{F5A0E826-0D83-45DA-84F6-011CCB64DD8D}.Ad-Hoc|x64.Build.0 = Release|Any CPU
		{F5A0E826-0D83-45DA-84F6-011CCB64DD8D}.Ad-Hoc|x64.Deploy.0 = Release|Any CPU
		{F5A0E826-0D83-45DA-84F6-011CCB64DD8D}.Ad-Hoc|x86.ActiveCfg = Release|Any CPU
		{F5A0E826-0D83-45DA-84F6-011CCB64DD8D}.Ad-Hoc|x86.Build.0 = Release|Any CPU
		{F5A0E826-0D83-45DA-84F6-011CCB64DD8D}.Ad-Hoc|x86.Deploy.0 = Release|Any CPU
		{F5A0E826-0D83-45DA-84F6-011CCB64DD8D}.AppStore|Any CPU.ActiveCfg = Release|Any CPU
		{F5A0E826-0D83-45DA-84F6-011CCB64DD8D}.AppStore|Any CPU.Build.0 = Release|Any CPU
		{F5A0E826-0D83-45DA-84F6-011CCB64DD8D}.AppStore|Any CPU.Deploy.0 = Release|Any CPU
		{F5A0E826-0D83-45DA-84F6-011CCB64DD8D}.AppStore|ARM.ActiveCfg = Release|Any CPU
		{F5A0E826-0D83-45DA-84F6-011CCB64DD8D}.AppStore|ARM.Build.0 = Release|Any CPU
		{F5A0E826-0D83-45DA-84F6-011CCB64DD8D}.AppStore|ARM.Deploy.0 = Release|Any CPU
		{F5A0E826-0D83-45DA-84F6-011CCB64DD8D}.AppStore|iPhone.ActiveCfg = Release|Any CPU
		{F5A0E826-0D83-45DA-84F6-011CCB64DD8D}.AppStore|iPhone.Build.0 = Release|Any CPU
		{F5A0E826-0D83-45DA-84F6-011CCB64DD8D}.AppStore|iPhone.Deploy.0 = Release|Any CPU
		{F5A0E826-0D83-45DA-84F6-011CCB64DD8D}.AppStore|iPhoneSimulator.ActiveCfg = Release|Any CPU
		{F5A0E826-0D83-45DA-84F6-011CCB64DD8D}.AppStore|iPhoneSimulator.Build.0 = Release|Any CPU
		{F5A0E826-0D83-45DA-84F6-011CCB64DD8D}.AppStore|iPhoneSimulator.Deploy.0 = Release|Any CPU
		{F5A0E826-0D83-45DA-84F6-011CCB64DD8D}.AppStore|x64.ActiveCfg = Release|Any CPU
		{F5A0E826-0D83-45DA-84F6-011CCB64DD8D}.AppStore|x64.Build.0 = Release|Any CPU
		{F5A0E826-0D83-45DA-84F6-011CCB64DD8D}.AppStore|x64.Deploy.0 = Release|Any CPU
		{F5A0E826-0D83-45DA-84F6-011CCB64DD8D}.AppStore|x86.ActiveCfg = Release|Any CPU
		{F5A0E826-0D83-45DA-84F6-011CCB64DD8D}.AppStore|x86.Build.0 = Release|Any CPU
		{F5A0E826-0D83-45DA-84F6-011CCB64DD8D}.AppStore|x86.Deploy.0 = Release|Any CPU
		{F5A0E826-0D83-45DA-84F6-011CCB64DD8D}.Debug|Any CPU.ActiveCfg = Debug|Any CPU
		{F5A0E826-0D83-45DA-84F6-011CCB64DD8D}.Debug|Any CPU.Build.0 = Debug|Any CPU
		{F5A0E826-0D83-45DA-84F6-011CCB64DD8D}.Debug|Any CPU.Deploy.0 = Debug|Any CPU
		{F5A0E826-0D83-45DA-84F6-011CCB64DD8D}.Debug|ARM.ActiveCfg = Debug|Any CPU
		{F5A0E826-0D83-45DA-84F6-011CCB64DD8D}.Debug|ARM.Build.0 = Debug|Any CPU
		{F5A0E826-0D83-45DA-84F6-011CCB64DD8D}.Debug|ARM.Deploy.0 = Debug|Any CPU
		{F5A0E826-0D83-45DA-84F6-011CCB64DD8D}.Debug|iPhone.ActiveCfg = Debug|Any CPU
		{F5A0E826-0D83-45DA-84F6-011CCB64DD8D}.Debug|iPhone.Build.0 = Debug|Any CPU
		{F5A0E826-0D83-45DA-84F6-011CCB64DD8D}.Debug|iPhone.Deploy.0 = Debug|Any CPU
		{F5A0E826-0D83-45DA-84F6-011CCB64DD8D}.Debug|iPhoneSimulator.ActiveCfg = Debug|Any CPU
		{F5A0E826-0D83-45DA-84F6-011CCB64DD8D}.Debug|iPhoneSimulator.Build.0 = Debug|Any CPU
		{F5A0E826-0D83-45DA-84F6-011CCB64DD8D}.Debug|iPhoneSimulator.Deploy.0 = Debug|Any CPU
		{F5A0E826-0D83-45DA-84F6-011CCB64DD8D}.Debug|x64.ActiveCfg = Debug|Any CPU
		{F5A0E826-0D83-45DA-84F6-011CCB64DD8D}.Debug|x64.Build.0 = Debug|Any CPU
		{F5A0E826-0D83-45DA-84F6-011CCB64DD8D}.Debug|x64.Deploy.0 = Debug|Any CPU
		{F5A0E826-0D83-45DA-84F6-011CCB64DD8D}.Debug|x86.ActiveCfg = Debug|Any CPU
		{F5A0E826-0D83-45DA-84F6-011CCB64DD8D}.Debug|x86.Build.0 = Debug|Any CPU
		{F5A0E826-0D83-45DA-84F6-011CCB64DD8D}.Debug|x86.Deploy.0 = Debug|Any CPU
		{F5A0E826-0D83-45DA-84F6-011CCB64DD8D}.Release|Any CPU.ActiveCfg = Release|Any CPU
		{F5A0E826-0D83-45DA-84F6-011CCB64DD8D}.Release|Any CPU.Build.0 = Release|Any CPU
		{F5A0E826-0D83-45DA-84F6-011CCB64DD8D}.Release|Any CPU.Deploy.0 = Release|Any CPU
		{F5A0E826-0D83-45DA-84F6-011CCB64DD8D}.Release|ARM.ActiveCfg = Release|Any CPU
		{F5A0E826-0D83-45DA-84F6-011CCB64DD8D}.Release|ARM.Build.0 = Release|Any CPU
		{F5A0E826-0D83-45DA-84F6-011CCB64DD8D}.Release|ARM.Deploy.0 = Release|Any CPU
		{F5A0E826-0D83-45DA-84F6-011CCB64DD8D}.Release|iPhone.ActiveCfg = Release|Any CPU
		{F5A0E826-0D83-45DA-84F6-011CCB64DD8D}.Release|iPhone.Build.0 = Release|Any CPU
		{F5A0E826-0D83-45DA-84F6-011CCB64DD8D}.Release|iPhone.Deploy.0 = Release|Any CPU
		{F5A0E826-0D83-45DA-84F6-011CCB64DD8D}.Release|iPhoneSimulator.ActiveCfg = Release|Any CPU
		{F5A0E826-0D83-45DA-84F6-011CCB64DD8D}.Release|iPhoneSimulator.Build.0 = Release|Any CPU
		{F5A0E826-0D83-45DA-84F6-011CCB64DD8D}.Release|iPhoneSimulator.Deploy.0 = Release|Any CPU
		{F5A0E826-0D83-45DA-84F6-011CCB64DD8D}.Release|x64.ActiveCfg = Release|Any CPU
		{F5A0E826-0D83-45DA-84F6-011CCB64DD8D}.Release|x64.Build.0 = Release|Any CPU
		{F5A0E826-0D83-45DA-84F6-011CCB64DD8D}.Release|x64.Deploy.0 = Release|Any CPU
		{F5A0E826-0D83-45DA-84F6-011CCB64DD8D}.Release|x86.ActiveCfg = Release|Any CPU
		{F5A0E826-0D83-45DA-84F6-011CCB64DD8D}.Release|x86.Build.0 = Release|Any CPU
		{F5A0E826-0D83-45DA-84F6-011CCB64DD8D}.Release|x86.Deploy.0 = Release|Any CPU
		{64E5017E-582C-44CB-9A73-0CE6CB359EA1}.Ad-Hoc|Any CPU.ActiveCfg = Ad-Hoc|iPhone
		{64E5017E-582C-44CB-9A73-0CE6CB359EA1}.Ad-Hoc|ARM.ActiveCfg = Ad-Hoc|iPhone
		{64E5017E-582C-44CB-9A73-0CE6CB359EA1}.Ad-Hoc|iPhone.ActiveCfg = Ad-Hoc|iPhone
		{64E5017E-582C-44CB-9A73-0CE6CB359EA1}.Ad-Hoc|iPhone.Build.0 = Ad-Hoc|iPhone
		{64E5017E-582C-44CB-9A73-0CE6CB359EA1}.Ad-Hoc|iPhoneSimulator.ActiveCfg = Ad-Hoc|iPhoneSimulator
		{64E5017E-582C-44CB-9A73-0CE6CB359EA1}.Ad-Hoc|iPhoneSimulator.Build.0 = Ad-Hoc|iPhoneSimulator
		{64E5017E-582C-44CB-9A73-0CE6CB359EA1}.Ad-Hoc|x64.ActiveCfg = Ad-Hoc|iPhone
		{64E5017E-582C-44CB-9A73-0CE6CB359EA1}.Ad-Hoc|x86.ActiveCfg = Ad-Hoc|iPhone
		{64E5017E-582C-44CB-9A73-0CE6CB359EA1}.AppStore|Any CPU.ActiveCfg = AppStore|iPhone
		{64E5017E-582C-44CB-9A73-0CE6CB359EA1}.AppStore|ARM.ActiveCfg = AppStore|iPhone
		{64E5017E-582C-44CB-9A73-0CE6CB359EA1}.AppStore|iPhone.ActiveCfg = AppStore|iPhone
		{64E5017E-582C-44CB-9A73-0CE6CB359EA1}.AppStore|iPhone.Build.0 = AppStore|iPhone
		{64E5017E-582C-44CB-9A73-0CE6CB359EA1}.AppStore|iPhoneSimulator.ActiveCfg = AppStore|iPhoneSimulator
		{64E5017E-582C-44CB-9A73-0CE6CB359EA1}.AppStore|iPhoneSimulator.Build.0 = AppStore|iPhoneSimulator
		{64E5017E-582C-44CB-9A73-0CE6CB359EA1}.AppStore|x64.ActiveCfg = AppStore|iPhone
		{64E5017E-582C-44CB-9A73-0CE6CB359EA1}.AppStore|x86.ActiveCfg = AppStore|iPhone
		{64E5017E-582C-44CB-9A73-0CE6CB359EA1}.Debug|Any CPU.ActiveCfg = Debug|iPhone
		{64E5017E-582C-44CB-9A73-0CE6CB359EA1}.Debug|ARM.ActiveCfg = Debug|iPhone
		{64E5017E-582C-44CB-9A73-0CE6CB359EA1}.Debug|iPhone.ActiveCfg = Debug|iPhone
		{64E5017E-582C-44CB-9A73-0CE6CB359EA1}.Debug|iPhone.Build.0 = Debug|iPhone
		{64E5017E-582C-44CB-9A73-0CE6CB359EA1}.Debug|iPhoneSimulator.ActiveCfg = Debug|iPhoneSimulator
		{64E5017E-582C-44CB-9A73-0CE6CB359EA1}.Debug|iPhoneSimulator.Build.0 = Debug|iPhoneSimulator
		{64E5017E-582C-44CB-9A73-0CE6CB359EA1}.Debug|x64.ActiveCfg = Debug|iPhone
		{64E5017E-582C-44CB-9A73-0CE6CB359EA1}.Debug|x86.ActiveCfg = Debug|iPhone
		{64E5017E-582C-44CB-9A73-0CE6CB359EA1}.Release|Any CPU.ActiveCfg = Release|iPhone
		{64E5017E-582C-44CB-9A73-0CE6CB359EA1}.Release|ARM.ActiveCfg = Release|iPhone
		{64E5017E-582C-44CB-9A73-0CE6CB359EA1}.Release|iPhone.ActiveCfg = Release|iPhone
		{64E5017E-582C-44CB-9A73-0CE6CB359EA1}.Release|iPhone.Build.0 = Release|iPhone
		{64E5017E-582C-44CB-9A73-0CE6CB359EA1}.Release|iPhoneSimulator.ActiveCfg = Release|iPhoneSimulator
		{64E5017E-582C-44CB-9A73-0CE6CB359EA1}.Release|iPhoneSimulator.Build.0 = Release|iPhoneSimulator
		{64E5017E-582C-44CB-9A73-0CE6CB359EA1}.Release|x64.ActiveCfg = Release|iPhone
		{64E5017E-582C-44CB-9A73-0CE6CB359EA1}.Release|x86.ActiveCfg = Release|iPhone
		{C24CE958-CD59-4A9D-9E85-1BA5CD161072}.Ad-Hoc|Any CPU.ActiveCfg = Release|x86
		{C24CE958-CD59-4A9D-9E85-1BA5CD161072}.Ad-Hoc|Any CPU.Build.0 = Release|x86
		{C24CE958-CD59-4A9D-9E85-1BA5CD161072}.Ad-Hoc|Any CPU.Deploy.0 = Release|x86
		{C24CE958-CD59-4A9D-9E85-1BA5CD161072}.Ad-Hoc|ARM.ActiveCfg = Release|ARM
		{C24CE958-CD59-4A9D-9E85-1BA5CD161072}.Ad-Hoc|ARM.Build.0 = Release|ARM
		{C24CE958-CD59-4A9D-9E85-1BA5CD161072}.Ad-Hoc|ARM.Deploy.0 = Release|ARM
		{C24CE958-CD59-4A9D-9E85-1BA5CD161072}.Ad-Hoc|iPhone.ActiveCfg = Release|x86
		{C24CE958-CD59-4A9D-9E85-1BA5CD161072}.Ad-Hoc|iPhone.Build.0 = Release|x86
		{C24CE958-CD59-4A9D-9E85-1BA5CD161072}.Ad-Hoc|iPhone.Deploy.0 = Release|x86
		{C24CE958-CD59-4A9D-9E85-1BA5CD161072}.Ad-Hoc|iPhoneSimulator.ActiveCfg = Release|x86
		{C24CE958-CD59-4A9D-9E85-1BA5CD161072}.Ad-Hoc|iPhoneSimulator.Build.0 = Release|x86
		{C24CE958-CD59-4A9D-9E85-1BA5CD161072}.Ad-Hoc|iPhoneSimulator.Deploy.0 = Release|x86
		{C24CE958-CD59-4A9D-9E85-1BA5CD161072}.Ad-Hoc|x64.ActiveCfg = Release|x64
		{C24CE958-CD59-4A9D-9E85-1BA5CD161072}.Ad-Hoc|x64.Build.0 = Release|x64
		{C24CE958-CD59-4A9D-9E85-1BA5CD161072}.Ad-Hoc|x64.Deploy.0 = Release|x64
		{C24CE958-CD59-4A9D-9E85-1BA5CD161072}.Ad-Hoc|x86.ActiveCfg = Release|x86
		{C24CE958-CD59-4A9D-9E85-1BA5CD161072}.Ad-Hoc|x86.Build.0 = Release|x86
		{C24CE958-CD59-4A9D-9E85-1BA5CD161072}.Ad-Hoc|x86.Deploy.0 = Release|x86
		{C24CE958-CD59-4A9D-9E85-1BA5CD161072}.AppStore|Any CPU.ActiveCfg = Release|x86
		{C24CE958-CD59-4A9D-9E85-1BA5CD161072}.AppStore|Any CPU.Build.0 = Release|x86
		{C24CE958-CD59-4A9D-9E85-1BA5CD161072}.AppStore|Any CPU.Deploy.0 = Release|x86
		{C24CE958-CD59-4A9D-9E85-1BA5CD161072}.AppStore|ARM.ActiveCfg = Release|ARM
		{C24CE958-CD59-4A9D-9E85-1BA5CD161072}.AppStore|ARM.Build.0 = Release|ARM
		{C24CE958-CD59-4A9D-9E85-1BA5CD161072}.AppStore|ARM.Deploy.0 = Release|ARM
		{C24CE958-CD59-4A9D-9E85-1BA5CD161072}.AppStore|iPhone.ActiveCfg = Release|x86
		{C24CE958-CD59-4A9D-9E85-1BA5CD161072}.AppStore|iPhone.Build.0 = Release|x86
		{C24CE958-CD59-4A9D-9E85-1BA5CD161072}.AppStore|iPhone.Deploy.0 = Release|x86
		{C24CE958-CD59-4A9D-9E85-1BA5CD161072}.AppStore|iPhoneSimulator.ActiveCfg = Release|x86
		{C24CE958-CD59-4A9D-9E85-1BA5CD161072}.AppStore|iPhoneSimulator.Build.0 = Release|x86
		{C24CE958-CD59-4A9D-9E85-1BA5CD161072}.AppStore|iPhoneSimulator.Deploy.0 = Release|x86
		{C24CE958-CD59-4A9D-9E85-1BA5CD161072}.AppStore|x64.ActiveCfg = Release|x64
		{C24CE958-CD59-4A9D-9E85-1BA5CD161072}.AppStore|x64.Build.0 = Release|x64
		{C24CE958-CD59-4A9D-9E85-1BA5CD161072}.AppStore|x64.Deploy.0 = Release|x64
		{C24CE958-CD59-4A9D-9E85-1BA5CD161072}.AppStore|x86.ActiveCfg = Release|x86
		{C24CE958-CD59-4A9D-9E85-1BA5CD161072}.AppStore|x86.Build.0 = Release|x86
		{C24CE958-CD59-4A9D-9E85-1BA5CD161072}.AppStore|x86.Deploy.0 = Release|x86
		{C24CE958-CD59-4A9D-9E85-1BA5CD161072}.Debug|Any CPU.ActiveCfg = Debug|x86
		{C24CE958-CD59-4A9D-9E85-1BA5CD161072}.Debug|ARM.ActiveCfg = Debug|ARM
		{C24CE958-CD59-4A9D-9E85-1BA5CD161072}.Debug|ARM.Build.0 = Debug|ARM
		{C24CE958-CD59-4A9D-9E85-1BA5CD161072}.Debug|ARM.Deploy.0 = Debug|ARM
		{C24CE958-CD59-4A9D-9E85-1BA5CD161072}.Debug|iPhone.ActiveCfg = Debug|x86
		{C24CE958-CD59-4A9D-9E85-1BA5CD161072}.Debug|iPhoneSimulator.ActiveCfg = Debug|x86
		{C24CE958-CD59-4A9D-9E85-1BA5CD161072}.Debug|x64.ActiveCfg = Debug|x64
		{C24CE958-CD59-4A9D-9E85-1BA5CD161072}.Debug|x64.Build.0 = Debug|x64
		{C24CE958-CD59-4A9D-9E85-1BA5CD161072}.Debug|x64.Deploy.0 = Debug|x64
		{C24CE958-CD59-4A9D-9E85-1BA5CD161072}.Debug|x86.ActiveCfg = Debug|x86
		{C24CE958-CD59-4A9D-9E85-1BA5CD161072}.Debug|x86.Build.0 = Debug|x86
		{C24CE958-CD59-4A9D-9E85-1BA5CD161072}.Debug|x86.Deploy.0 = Debug|x86
		{C24CE958-CD59-4A9D-9E85-1BA5CD161072}.Release|Any CPU.ActiveCfg = Release|x86
		{C24CE958-CD59-4A9D-9E85-1BA5CD161072}.Release|ARM.ActiveCfg = Release|ARM
		{C24CE958-CD59-4A9D-9E85-1BA5CD161072}.Release|ARM.Build.0 = Release|ARM
		{C24CE958-CD59-4A9D-9E85-1BA5CD161072}.Release|ARM.Deploy.0 = Release|ARM
		{C24CE958-CD59-4A9D-9E85-1BA5CD161072}.Release|iPhone.ActiveCfg = Release|x86
		{C24CE958-CD59-4A9D-9E85-1BA5CD161072}.Release|iPhoneSimulator.ActiveCfg = Release|x86
		{C24CE958-CD59-4A9D-9E85-1BA5CD161072}.Release|x64.ActiveCfg = Release|x64
		{C24CE958-CD59-4A9D-9E85-1BA5CD161072}.Release|x64.Build.0 = Release|x64
		{C24CE958-CD59-4A9D-9E85-1BA5CD161072}.Release|x64.Deploy.0 = Release|x64
		{C24CE958-CD59-4A9D-9E85-1BA5CD161072}.Release|x86.ActiveCfg = Release|x86
		{C24CE958-CD59-4A9D-9E85-1BA5CD161072}.Release|x86.Build.0 = Release|x86
		{C24CE958-CD59-4A9D-9E85-1BA5CD161072}.Release|x86.Deploy.0 = Release|x86
		{53EB886B-7EF5-4525-B3C0-BDD877AB981A}.Ad-Hoc|Any CPU.ActiveCfg = Release|Any CPU
		{53EB886B-7EF5-4525-B3C0-BDD877AB981A}.Ad-Hoc|Any CPU.Build.0 = Release|Any CPU
		{53EB886B-7EF5-4525-B3C0-BDD877AB981A}.Ad-Hoc|ARM.ActiveCfg = Release|Any CPU
		{53EB886B-7EF5-4525-B3C0-BDD877AB981A}.Ad-Hoc|ARM.Build.0 = Release|Any CPU
		{53EB886B-7EF5-4525-B3C0-BDD877AB981A}.Ad-Hoc|iPhone.ActiveCfg = Release|Any CPU
		{53EB886B-7EF5-4525-B3C0-BDD877AB981A}.Ad-Hoc|iPhone.Build.0 = Release|Any CPU
		{53EB886B-7EF5-4525-B3C0-BDD877AB981A}.Ad-Hoc|iPhoneSimulator.ActiveCfg = Release|Any CPU
		{53EB886B-7EF5-4525-B3C0-BDD877AB981A}.Ad-Hoc|iPhoneSimulator.Build.0 = Release|Any CPU
		{53EB886B-7EF5-4525-B3C0-BDD877AB981A}.Ad-Hoc|x64.ActiveCfg = Release|Any CPU
		{53EB886B-7EF5-4525-B3C0-BDD877AB981A}.Ad-Hoc|x64.Build.0 = Release|Any CPU
		{53EB886B-7EF5-4525-B3C0-BDD877AB981A}.Ad-Hoc|x86.ActiveCfg = Release|Any CPU
		{53EB886B-7EF5-4525-B3C0-BDD877AB981A}.Ad-Hoc|x86.Build.0 = Release|Any CPU
		{53EB886B-7EF5-4525-B3C0-BDD877AB981A}.AppStore|Any CPU.ActiveCfg = Release|Any CPU
		{53EB886B-7EF5-4525-B3C0-BDD877AB981A}.AppStore|Any CPU.Build.0 = Release|Any CPU
		{53EB886B-7EF5-4525-B3C0-BDD877AB981A}.AppStore|ARM.ActiveCfg = Release|Any CPU
		{53EB886B-7EF5-4525-B3C0-BDD877AB981A}.AppStore|ARM.Build.0 = Release|Any CPU
		{53EB886B-7EF5-4525-B3C0-BDD877AB981A}.AppStore|iPhone.ActiveCfg = Release|Any CPU
		{53EB886B-7EF5-4525-B3C0-BDD877AB981A}.AppStore|iPhone.Build.0 = Release|Any CPU
		{53EB886B-7EF5-4525-B3C0-BDD877AB981A}.AppStore|iPhoneSimulator.ActiveCfg = Release|Any CPU
		{53EB886B-7EF5-4525-B3C0-BDD877AB981A}.AppStore|iPhoneSimulator.Build.0 = Release|Any CPU
		{53EB886B-7EF5-4525-B3C0-BDD877AB981A}.AppStore|x64.ActiveCfg = Release|Any CPU
		{53EB886B-7EF5-4525-B3C0-BDD877AB981A}.AppStore|x64.Build.0 = Release|Any CPU
		{53EB886B-7EF5-4525-B3C0-BDD877AB981A}.AppStore|x86.ActiveCfg = Release|Any CPU
		{53EB886B-7EF5-4525-B3C0-BDD877AB981A}.AppStore|x86.Build.0 = Release|Any CPU
		{53EB886B-7EF5-4525-B3C0-BDD877AB981A}.Debug|Any CPU.ActiveCfg = Debug|Any CPU
		{53EB886B-7EF5-4525-B3C0-BDD877AB981A}.Debug|Any CPU.Build.0 = Debug|Any CPU
		{53EB886B-7EF5-4525-B3C0-BDD877AB981A}.Debug|ARM.ActiveCfg = Debug|Any CPU
		{53EB886B-7EF5-4525-B3C0-BDD877AB981A}.Debug|ARM.Build.0 = Debug|Any CPU
		{53EB886B-7EF5-4525-B3C0-BDD877AB981A}.Debug|iPhone.ActiveCfg = Debug|Any CPU
		{53EB886B-7EF5-4525-B3C0-BDD877AB981A}.Debug|iPhone.Build.0 = Debug|Any CPU
		{53EB886B-7EF5-4525-B3C0-BDD877AB981A}.Debug|iPhoneSimulator.ActiveCfg = Debug|Any CPU
		{53EB886B-7EF5-4525-B3C0-BDD877AB981A}.Debug|iPhoneSimulator.Build.0 = Debug|Any CPU
		{53EB886B-7EF5-4525-B3C0-BDD877AB981A}.Debug|x64.ActiveCfg = Debug|Any CPU
		{53EB886B-7EF5-4525-B3C0-BDD877AB981A}.Debug|x64.Build.0 = Debug|Any CPU
		{53EB886B-7EF5-4525-B3C0-BDD877AB981A}.Debug|x86.ActiveCfg = Debug|Any CPU
		{53EB886B-7EF5-4525-B3C0-BDD877AB981A}.Debug|x86.Build.0 = Debug|Any CPU
		{53EB886B-7EF5-4525-B3C0-BDD877AB981A}.Release|Any CPU.ActiveCfg = Release|Any CPU
		{53EB886B-7EF5-4525-B3C0-BDD877AB981A}.Release|Any CPU.Build.0 = Release|Any CPU
		{53EB886B-7EF5-4525-B3C0-BDD877AB981A}.Release|ARM.ActiveCfg = Release|Any CPU
		{53EB886B-7EF5-4525-B3C0-BDD877AB981A}.Release|ARM.Build.0 = Release|Any CPU
		{53EB886B-7EF5-4525-B3C0-BDD877AB981A}.Release|iPhone.ActiveCfg = Release|Any CPU
		{53EB886B-7EF5-4525-B3C0-BDD877AB981A}.Release|iPhone.Build.0 = Release|Any CPU
		{53EB886B-7EF5-4525-B3C0-BDD877AB981A}.Release|iPhoneSimulator.ActiveCfg = Release|Any CPU
		{53EB886B-7EF5-4525-B3C0-BDD877AB981A}.Release|iPhoneSimulator.Build.0 = Release|Any CPU
		{53EB886B-7EF5-4525-B3C0-BDD877AB981A}.Release|x64.ActiveCfg = Release|Any CPU
		{53EB886B-7EF5-4525-B3C0-BDD877AB981A}.Release|x64.Build.0 = Release|Any CPU
		{53EB886B-7EF5-4525-B3C0-BDD877AB981A}.Release|x86.ActiveCfg = Release|Any CPU
		{53EB886B-7EF5-4525-B3C0-BDD877AB981A}.Release|x86.Build.0 = Release|Any CPU
	EndGlobalSection
	GlobalSection(SolutionProperties) = preSolution
		HideSolutionNode = FALSE
	EndGlobalSection
EndGlobal
